
Microsoft Visual Studio Solution File, Format Version 12.00
# Visual Studio Version 17
VisualStudioVersion = 17.7.33711.374
MinimumVisualStudioVersion = 10.0.40219.1
Project("{FAE04EC0-301F-11D3-BF4B-00C04F79EFBC}") = "DataAccessLibrary", "DataAccessLibrary\DataAccessLibrary.csproj", "{8DC15A06-0FAA-415F-8BC0-E886319326AF}"
EndProject
Project("{FAE04EC0-301F-11D3-BF4B-00C04F79EFBC}") = "DataLibrary", "DataLibrary\DataLibrary.csproj", "{FCEC1E1F-53EB-4A9C-8109-9409F4FFFDE1}"
EndProject
Project("{FAE04EC0-301F-11D3-BF4B-00C04F79EFBC}") = "Admin", "Admin\Admin.csproj", "{2BAA09A2-7F64-4ED3-B84F-1B1CF52302DD}"
EndProject
Project("{FAE04EC0-301F-11D3-BF4B-00C04F79EFBC}") = "Web", "Web\Web.csproj", "{57BB83AD-FEE2-4A94-ADC6-795094C8BB0C}"
EndProject
Project("{9A19103F-16F7-4668-BE54-9A1E7A4F7556}") = "TalkgroupService", "TalkgroupService\TalkgroupService.csproj", "{5E88CFEE-63B2-491A-91F7-88ED10FB9B5E}"
EndProject
Project("{9A19103F-16F7-4668-BE54-9A1E7A4F7556}") = "ServiceCommon", "ServiceCommon\ServiceCommon.csproj", "{1AC11542-F255-441F-A94E-BA0842830DBB}"
EndProject
Project("{9A19103F-16F7-4668-BE54-9A1E7A4F7556}") = "RadioService", "RadioService\RadioService.csproj", "{ECECD3B5-2BFF-4686-BCE9-76D8BA56F664}"
EndProject
Project("{2150E333-8FDC-42A3-9474-1A3956D46DE8}") = "Services", "Services", "{E1B40930-3EE0-4F0B-9CD2-2A21CF071EED}"
EndProject
Project("{9A19103F-16F7-4668-BE54-9A1E7A4F7556}") = "TowerService", "TowerService\TowerService.csproj", "{1F195A53-A54E-498E-B08E-7F3C789E57BC}"
EndProject
Project("{9A19103F-16F7-4668-BE54-9A1E7A4F7556}") = "TalkgroupRadioService", "TalkgroupRadioService\TalkgroupRadioService.csproj", "{D7B124BE-16E0-49C4-B396-1C6491603195}"
EndProject
Project("{9A19103F-16F7-4668-BE54-9A1E7A4F7556}") = "TowerTalkgroupService", "TowerTalkgroupService\TowerTalkgroupService.csproj", "{73241A7D-AB27-48DF-B0C6-CC4B09BB553F}"
EndProject
Project("{9A19103F-16F7-4668-BE54-9A1E7A4F7556}") = "TowerTalkgroupRadioService", "TowerTalkgroupRadioService\TowerTalkgroupRadioService.csproj", "{392A63B4-6E6F-41F8-BD17-5B4652510911}"
EndProject
Project("{9A19103F-16F7-4668-BE54-9A1E7A4F7556}") = "TowerRadioService", "TowerRadioService\TowerRadioService.csproj", "{488DBDEB-E1DB-4F17-A7F2-3D9F78D2F8AE}"
EndProject
Project("{9A19103F-16F7-4668-BE54-9A1E7A4F7556}") = "PatchService", "PatchService\PatchService.csproj", "{12090345-9AAC-4B9A-9C3D-3AFEE0274536}"
EndProject
Project("{9A19103F-16F7-4668-BE54-9A1E7A4F7556}") = "TowerFrequencyTalkgroupService", "TowerFrequencyTalkgroupService\TowerFrequencyTalkgroupService.csproj", "{C567C740-8B96-4739-BE57-1454B96BBC68}"
EndProject
Project("{9A19103F-16F7-4668-BE54-9A1E7A4F7556}") = "TowerFrequencyRadioService", "TowerFrequencyRadioService\TowerFrequencyRadioService.csproj", "{14797248-4A2B-41DF-9294-1697F6DFC42B}"
EndProject
Project("{9A19103F-16F7-4668-BE54-9A1E7A4F7556}") = "TalkgroupHistoryService", "TalkgroupHistoryService\TalkgroupHistoryService.csproj", "{9175C0A0-6086-4615-8208-5F50B7986624}"
EndProject
Project("{9A19103F-16F7-4668-BE54-9A1E7A4F7556}") = "RadioHistoryService", "RadioHistoryService\RadioHistoryService.csproj", "{56AA5E17-BE3A-4D08-9F30-BCDC04398F09}"
EndProject
Project("{9A19103F-16F7-4668-BE54-9A1E7A4F7556}") = "ProcessedFileService", "ProcessedFileService\ProcessedFileService.csproj", "{1AC39652-9458-4FBC-B1DB-5FBB410B2703}"
EndProject
Project("{9A19103F-16F7-4668-BE54-9A1E7A4F7556}") = "SystemInfoService", "SystemInfoService\SystemInfoService.csproj", "{1991BBB4-299E-4D51-86C1-8F1D5C9ABADB}"
EndProject
Project("{9A19103F-16F7-4668-BE54-9A1E7A4F7556}") = "TowerFrequencyService", "TowerFrequencyService\TowerFrequencyService.csproj", "{3A985940-C411-4E10-BB70-804CCEE6E60B}"
EndProject
Project("{9A19103F-16F7-4668-BE54-9A1E7A4F7556}") = "TowerFrequencyUsageService", "TowerFrequencyUsageService\TowerFrequencyUsageService.csproj", "{94E262CD-9367-4222-8470-DADC5A5A37A3}"
EndProject
Project("{9A19103F-16F7-4668-BE54-9A1E7A4F7556}") = "TowerNeighborService", "TowerNeighborService\TowerNeighborService.csproj", "{7853F80F-611B-4D34-8E22-2716C0593F1E}"
EndProject
Project("{9A19103F-16F7-4668-BE54-9A1E7A4F7556}") = "TowerTableService", "TowerTableService\TowerTableService.csproj", "{CC276DCD-355A-4C01-8EE6-6DD4CE96CE2B}"
EndProject
Project("{9A19103F-16F7-4668-BE54-9A1E7A4F7556}") = "SystemDetailService", "SystemDetailService\SystemDetailService.csproj", "{060397B2-6D3B-4AEC-9EFD-BCB76AEF709C}"
EndProject
Project("{9A19103F-16F7-4668-BE54-9A1E7A4F7556}") = "SearchDataService", "SearchDataService\SearchDataService.csproj", "{A6F5D9E9-DFA9-44FE-A254-2A38399507DC}"
EndProject
Project("{9A19103F-16F7-4668-BE54-9A1E7A4F7556}") = "FileService", "FileService\FileService.csproj", "{D6DEE977-7A0F-45E6-9065-CC8D5F49669A}"
EndProject
Project("{9A19103F-16F7-4668-BE54-9A1E7A4F7556}") = "DatabaseService", "DatabaseService\DatabaseService.csproj", "{AFF66821-2521-4DDC-88A1-F8961C9E405F}"
EndProject
Project("{2150E333-8FDC-42A3-9474-1A3956D46DE8}") = "Services.Tests", "Services.Tests", "{FE19BA04-3E05-402A-8DE5-8D9481F20045}"
EndProject
Project("{9A19103F-16F7-4668-BE54-9A1E7A4F7556}") = "DatabaseService.Tests.Core", "DatabaseService.Tests.Core\DatabaseService.Tests.Core.csproj", "{AC3A51E9-56C5-4E16-BD18-C3370A9264C4}"
EndProject
Project("{9A19103F-16F7-4668-BE54-9A1E7A4F7556}") = "FileService.Tests.Core", "FileService.Tests.Core\FileService.Tests.Core.csproj", "{8689E8B8-0224-42F8-B665-65AB56B159B8}"
EndProject
Project("{9A19103F-16F7-4668-BE54-9A1E7A4F7556}") = "PatchService.Tests.Core", "PatchService.Tests.Core\PatchService.Tests.Core.csproj", "{6AED7AB5-5508-4CCF-B8B6-236E1F5FED23}"
EndProject
Project("{9A19103F-16F7-4668-BE54-9A1E7A4F7556}") = "ProcessedFileService.Tests.Core", "ProcessedFileService.Tests.Core\ProcessedFileService.Tests.Core.csproj", "{3571B521-E74B-415C-AEC5-8F5A4AB29FD0}"
EndProject
Project("{9A19103F-16F7-4668-BE54-9A1E7A4F7556}") = "RadioHistoryService.Tests.Core", "RadioHistoryService.Tests.Core\RadioHistoryService.Tests.Core.csproj", "{7E365CF8-D0DE-433A-99BD-F294E73641DF}"
EndProject
Project("{9A19103F-16F7-4668-BE54-9A1E7A4F7556}") = "ServiceCommon.Tests.Core", "ServiceCommon.Tests.Core\ServiceCommon.Tests.Core.csproj", "{01DF26A8-D9DB-4FDE-9121-AC2F30B36BBE}"
EndProject
Project("{9A19103F-16F7-4668-BE54-9A1E7A4F7556}") = "SystemInfoService.Tests.Core", "SystemInfoService.Tests.Core\SystemInfoService.Tests.Core.csproj", "{F5487B10-6453-4926-B732-39BB0D045739}"
EndProject
Project("{9A19103F-16F7-4668-BE54-9A1E7A4F7556}") = "TalkgroupHistoryService.Tests.Core", "TalkgroupHistoryService.Tests.Core\TalkgroupHistoryService.Tests.Core.csproj", "{7CC25694-C706-4197-9384-330B951310C2}"
EndProject
Project("{9A19103F-16F7-4668-BE54-9A1E7A4F7556}") = "TalkgroupRadioService.Tests.Core", "TalkgroupRadioService.Tests.Core\TalkgroupRadioService.Tests.Core.csproj", "{8B2C3424-5EE8-4D45-93B1-6213CF8A93CC}"
EndProject
Project("{9A19103F-16F7-4668-BE54-9A1E7A4F7556}") = "TalkgroupService.Tests.Core", "TalkgroupService.Tests.Core\TalkgroupService.Tests.Core.csproj", "{3477ED46-B0C6-4D49-AD5B-17DFC012C267}"
EndProject
Project("{9A19103F-16F7-4668-BE54-9A1E7A4F7556}") = "TowerFrequencyRadioService.Tests.Core", "TowerFrequencyRadioService.Tests.Core\TowerFrequencyRadioService.Tests.Core.csproj", "{3F12F9BB-7DBC-4160-8F74-C42565EE1E1B}"
EndProject
Project("{9A19103F-16F7-4668-BE54-9A1E7A4F7556}") = "TowerFrequencyService.Tests.Core", "TowerFrequencyService.Tests.Core\TowerFrequencyService.Tests.Core.csproj", "{E6108E73-046E-4D66-BECF-6DA0FCB43035}"
EndProject
Project("{9A19103F-16F7-4668-BE54-9A1E7A4F7556}") = "TowerFrequencyTalkgroupService.Tests.Core", "TowerFrequencyTalkgroupService.Tests.Core\TowerFrequencyTalkgroupService.Tests.Core.csproj", "{2794EBB3-77CC-4F4F-A136-C2C579004B03}"
EndProject
Project("{9A19103F-16F7-4668-BE54-9A1E7A4F7556}") = "TowerNeighborService.Tests.Core", "TowerNeighborService.Tests.Core\TowerNeighborService.Tests.Core.csproj", "{DBB34241-EBD6-4DEB-B0E8-3F7EDAC849DB}"
EndProject
Project("{9A19103F-16F7-4668-BE54-9A1E7A4F7556}") = "TowerRadioService.Tests.Core", "TowerRadioService.Tests.Core\TowerRadioService.Tests.Core.csproj", "{C2AEA816-7116-4391-8132-E386143019EC}"
EndProject
Project("{9A19103F-16F7-4668-BE54-9A1E7A4F7556}") = "TowerService.Tests.Core", "TowerService.Tests.Core\TowerService.Tests.Core.csproj", "{9DDA5E1F-0BED-4E57-911B-8936D521B30E}"
EndProject
Project("{9A19103F-16F7-4668-BE54-9A1E7A4F7556}") = "TowerTalkgroupRadioService.Tests.Core", "TowerTalkgroupRadioService.Tests.Core\TowerTalkgroupRadioService.Tests.Core.csproj", "{74F62C20-3A29-4260-AED9-7941ADE67F0A}"
EndProject
Project("{9A19103F-16F7-4668-BE54-9A1E7A4F7556}") = "TowerTalkgroupService.Tests.Core", "TowerTalkgroupService.Tests.Core\TowerTalkgroupService.Tests.Core.csproj", "{AB86FB1C-8DF5-442C-BD02-842F09AE071E}"
EndProject
Project("{9A19103F-16F7-4668-BE54-9A1E7A4F7556}") = "ObjectLibrary.Tests.Core", "ObjectLibrary.Tests.Core\ObjectLibrary.Tests.Core.csproj", "{FB292A64-7475-4BB8-8376-E88DBBBA1C4F}"
EndProject
Project("{9A19103F-16F7-4668-BE54-9A1E7A4F7556}") = "ObjectLibrary", "ObjectLibrary\ObjectLibrary.csproj", "{CEE05238-0E81-42D6-88C9-4B015DC92A2B}"
EndProject
Project("{9A19103F-16F7-4668-BE54-9A1E7A4F7556}") = "RadioService.Tests.Core", "RadioService.Tests.Core\RadioService.Tests.Core.csproj", "{F055DAF6-0078-427B-BD33-35352C147DC9}"
EndProject
Project("{FAE04EC0-301F-11D3-BF4B-00C04F79EFBC}") = "Web.Tests", "Web.Tests\Web.Tests.csproj", "{95F58D86-A71D-414D-B10F-875B9A5AF472}"
EndProject
Project("{FAE04EC0-301F-11D3-BF4B-00C04F79EFBC}") = "DataLibrary.Tests", "DataLibrary.Tests\DataLibrary.Tests.csproj", "{19EE2AF8-652C-46B2-8722-1772F21AE3DF}"
EndProject
Project("{2150E333-8FDC-42A3-9474-1A3956D46DE8}") = "Solution Items", "Solution Items", "{85D71DF1-8D6C-475F-B20E-95F81E098E59}"
	ProjectSection(SolutionItems) = preProject
		.editorconfig = .editorconfig
	EndProjectSection
EndProject
Global
	GlobalSection(SolutionConfigurationPlatforms) = preSolution
		Debug|Any CPU = Debug|Any CPU
		Release|Any CPU = Release|Any CPU
	EndGlobalSection
	GlobalSection(ProjectConfigurationPlatforms) = postSolution
		{8DC15A06-0FAA-415F-8BC0-E886319326AF}.Debug|Any CPU.ActiveCfg = Debug|Any CPU
		{8DC15A06-0FAA-415F-8BC0-E886319326AF}.Debug|Any CPU.Build.0 = Debug|Any CPU
		{8DC15A06-0FAA-415F-8BC0-E886319326AF}.Release|Any CPU.ActiveCfg = Release|Any CPU
		{8DC15A06-0FAA-415F-8BC0-E886319326AF}.Release|Any CPU.Build.0 = Release|Any CPU
		{FCEC1E1F-53EB-4A9C-8109-9409F4FFFDE1}.Debug|Any CPU.ActiveCfg = Debug|Any CPU
		{FCEC1E1F-53EB-4A9C-8109-9409F4FFFDE1}.Debug|Any CPU.Build.0 = Debug|Any CPU
		{FCEC1E1F-53EB-4A9C-8109-9409F4FFFDE1}.Release|Any CPU.ActiveCfg = Release|Any CPU
		{FCEC1E1F-53EB-4A9C-8109-9409F4FFFDE1}.Release|Any CPU.Build.0 = Release|Any CPU
		{2BAA09A2-7F64-4ED3-B84F-1B1CF52302DD}.Debug|Any CPU.ActiveCfg = Debug|Any CPU
		{2BAA09A2-7F64-4ED3-B84F-1B1CF52302DD}.Debug|Any CPU.Build.0 = Debug|Any CPU
		{2BAA09A2-7F64-4ED3-B84F-1B1CF52302DD}.Release|Any CPU.ActiveCfg = Release|Any CPU
		{2BAA09A2-7F64-4ED3-B84F-1B1CF52302DD}.Release|Any CPU.Build.0 = Release|Any CPU
		{57BB83AD-FEE2-4A94-ADC6-795094C8BB0C}.Debug|Any CPU.ActiveCfg = Debug|Any CPU
		{57BB83AD-FEE2-4A94-ADC6-795094C8BB0C}.Debug|Any CPU.Build.0 = Debug|Any CPU
		{57BB83AD-FEE2-4A94-ADC6-795094C8BB0C}.Release|Any CPU.ActiveCfg = Release|Any CPU
		{57BB83AD-FEE2-4A94-ADC6-795094C8BB0C}.Release|Any CPU.Build.0 = Release|Any CPU
		{5E88CFEE-63B2-491A-91F7-88ED10FB9B5E}.Debug|Any CPU.ActiveCfg = Debug|Any CPU
		{5E88CFEE-63B2-491A-91F7-88ED10FB9B5E}.Debug|Any CPU.Build.0 = Debug|Any CPU
		{5E88CFEE-63B2-491A-91F7-88ED10FB9B5E}.Release|Any CPU.ActiveCfg = Release|Any CPU
		{5E88CFEE-63B2-491A-91F7-88ED10FB9B5E}.Release|Any CPU.Build.0 = Release|Any CPU
		{1AC11542-F255-441F-A94E-BA0842830DBB}.Debug|Any CPU.ActiveCfg = Debug|Any CPU
		{1AC11542-F255-441F-A94E-BA0842830DBB}.Debug|Any CPU.Build.0 = Debug|Any CPU
		{1AC11542-F255-441F-A94E-BA0842830DBB}.Release|Any CPU.ActiveCfg = Release|Any CPU
		{1AC11542-F255-441F-A94E-BA0842830DBB}.Release|Any CPU.Build.0 = Release|Any CPU
		{ECECD3B5-2BFF-4686-BCE9-76D8BA56F664}.Debug|Any CPU.ActiveCfg = Debug|Any CPU
		{ECECD3B5-2BFF-4686-BCE9-76D8BA56F664}.Debug|Any CPU.Build.0 = Debug|Any CPU
		{ECECD3B5-2BFF-4686-BCE9-76D8BA56F664}.Release|Any CPU.ActiveCfg = Release|Any CPU
		{ECECD3B5-2BFF-4686-BCE9-76D8BA56F664}.Release|Any CPU.Build.0 = Release|Any CPU
		{1F195A53-A54E-498E-B08E-7F3C789E57BC}.Debug|Any CPU.ActiveCfg = Debug|Any CPU
		{1F195A53-A54E-498E-B08E-7F3C789E57BC}.Debug|Any CPU.Build.0 = Debug|Any CPU
		{1F195A53-A54E-498E-B08E-7F3C789E57BC}.Release|Any CPU.ActiveCfg = Release|Any CPU
		{1F195A53-A54E-498E-B08E-7F3C789E57BC}.Release|Any CPU.Build.0 = Release|Any CPU
		{D7B124BE-16E0-49C4-B396-1C6491603195}.Debug|Any CPU.ActiveCfg = Debug|Any CPU
		{D7B124BE-16E0-49C4-B396-1C6491603195}.Debug|Any CPU.Build.0 = Debug|Any CPU
		{D7B124BE-16E0-49C4-B396-1C6491603195}.Release|Any CPU.ActiveCfg = Release|Any CPU
		{D7B124BE-16E0-49C4-B396-1C6491603195}.Release|Any CPU.Build.0 = Release|Any CPU
		{73241A7D-AB27-48DF-B0C6-CC4B09BB553F}.Debug|Any CPU.ActiveCfg = Debug|Any CPU
		{73241A7D-AB27-48DF-B0C6-CC4B09BB553F}.Debug|Any CPU.Build.0 = Debug|Any CPU
		{73241A7D-AB27-48DF-B0C6-CC4B09BB553F}.Release|Any CPU.ActiveCfg = Release|Any CPU
		{73241A7D-AB27-48DF-B0C6-CC4B09BB553F}.Release|Any CPU.Build.0 = Release|Any CPU
		{392A63B4-6E6F-41F8-BD17-5B4652510911}.Debug|Any CPU.ActiveCfg = Debug|Any CPU
		{392A63B4-6E6F-41F8-BD17-5B4652510911}.Debug|Any CPU.Build.0 = Debug|Any CPU
		{392A63B4-6E6F-41F8-BD17-5B4652510911}.Release|Any CPU.ActiveCfg = Release|Any CPU
		{392A63B4-6E6F-41F8-BD17-5B4652510911}.Release|Any CPU.Build.0 = Release|Any CPU
		{488DBDEB-E1DB-4F17-A7F2-3D9F78D2F8AE}.Debug|Any CPU.ActiveCfg = Debug|Any CPU
		{488DBDEB-E1DB-4F17-A7F2-3D9F78D2F8AE}.Debug|Any CPU.Build.0 = Debug|Any CPU
		{488DBDEB-E1DB-4F17-A7F2-3D9F78D2F8AE}.Release|Any CPU.ActiveCfg = Release|Any CPU
		{488DBDEB-E1DB-4F17-A7F2-3D9F78D2F8AE}.Release|Any CPU.Build.0 = Release|Any CPU
		{12090345-9AAC-4B9A-9C3D-3AFEE0274536}.Debug|Any CPU.ActiveCfg = Debug|Any CPU
		{12090345-9AAC-4B9A-9C3D-3AFEE0274536}.Debug|Any CPU.Build.0 = Debug|Any CPU
		{12090345-9AAC-4B9A-9C3D-3AFEE0274536}.Release|Any CPU.ActiveCfg = Release|Any CPU
		{12090345-9AAC-4B9A-9C3D-3AFEE0274536}.Release|Any CPU.Build.0 = Release|Any CPU
		{C567C740-8B96-4739-BE57-1454B96BBC68}.Debug|Any CPU.ActiveCfg = Debug|Any CPU
		{C567C740-8B96-4739-BE57-1454B96BBC68}.Debug|Any CPU.Build.0 = Debug|Any CPU
		{C567C740-8B96-4739-BE57-1454B96BBC68}.Release|Any CPU.ActiveCfg = Release|Any CPU
		{C567C740-8B96-4739-BE57-1454B96BBC68}.Release|Any CPU.Build.0 = Release|Any CPU
		{14797248-4A2B-41DF-9294-1697F6DFC42B}.Debug|Any CPU.ActiveCfg = Debug|Any CPU
		{14797248-4A2B-41DF-9294-1697F6DFC42B}.Debug|Any CPU.Build.0 = Debug|Any CPU
		{14797248-4A2B-41DF-9294-1697F6DFC42B}.Release|Any CPU.ActiveCfg = Release|Any CPU
		{14797248-4A2B-41DF-9294-1697F6DFC42B}.Release|Any CPU.Build.0 = Release|Any CPU
		{9175C0A0-6086-4615-8208-5F50B7986624}.Debug|Any CPU.ActiveCfg = Debug|Any CPU
		{9175C0A0-6086-4615-8208-5F50B7986624}.Debug|Any CPU.Build.0 = Debug|Any CPU
		{9175C0A0-6086-4615-8208-5F50B7986624}.Release|Any CPU.ActiveCfg = Release|Any CPU
		{9175C0A0-6086-4615-8208-5F50B7986624}.Release|Any CPU.Build.0 = Release|Any CPU
		{56AA5E17-BE3A-4D08-9F30-BCDC04398F09}.Debug|Any CPU.ActiveCfg = Debug|Any CPU
		{56AA5E17-BE3A-4D08-9F30-BCDC04398F09}.Debug|Any CPU.Build.0 = Debug|Any CPU
		{56AA5E17-BE3A-4D08-9F30-BCDC04398F09}.Release|Any CPU.ActiveCfg = Release|Any CPU
		{56AA5E17-BE3A-4D08-9F30-BCDC04398F09}.Release|Any CPU.Build.0 = Release|Any CPU
		{1AC39652-9458-4FBC-B1DB-5FBB410B2703}.Debug|Any CPU.ActiveCfg = Debug|Any CPU
		{1AC39652-9458-4FBC-B1DB-5FBB410B2703}.Debug|Any CPU.Build.0 = Debug|Any CPU
		{1AC39652-9458-4FBC-B1DB-5FBB410B2703}.Release|Any CPU.ActiveCfg = Release|Any CPU
		{1AC39652-9458-4FBC-B1DB-5FBB410B2703}.Release|Any CPU.Build.0 = Release|Any CPU
		{1991BBB4-299E-4D51-86C1-8F1D5C9ABADB}.Debug|Any CPU.ActiveCfg = Debug|Any CPU
		{1991BBB4-299E-4D51-86C1-8F1D5C9ABADB}.Debug|Any CPU.Build.0 = Debug|Any CPU
		{1991BBB4-299E-4D51-86C1-8F1D5C9ABADB}.Release|Any CPU.ActiveCfg = Release|Any CPU
		{1991BBB4-299E-4D51-86C1-8F1D5C9ABADB}.Release|Any CPU.Build.0 = Release|Any CPU
		{3A985940-C411-4E10-BB70-804CCEE6E60B}.Debug|Any CPU.ActiveCfg = Debug|Any CPU
		{3A985940-C411-4E10-BB70-804CCEE6E60B}.Debug|Any CPU.Build.0 = Debug|Any CPU
		{3A985940-C411-4E10-BB70-804CCEE6E60B}.Release|Any CPU.ActiveCfg = Release|Any CPU
		{3A985940-C411-4E10-BB70-804CCEE6E60B}.Release|Any CPU.Build.0 = Release|Any CPU
		{94E262CD-9367-4222-8470-DADC5A5A37A3}.Debug|Any CPU.ActiveCfg = Debug|Any CPU
		{94E262CD-9367-4222-8470-DADC5A5A37A3}.Debug|Any CPU.Build.0 = Debug|Any CPU
		{94E262CD-9367-4222-8470-DADC5A5A37A3}.Release|Any CPU.ActiveCfg = Release|Any CPU
		{94E262CD-9367-4222-8470-DADC5A5A37A3}.Release|Any CPU.Build.0 = Release|Any CPU
		{7853F80F-611B-4D34-8E22-2716C0593F1E}.Debug|Any CPU.ActiveCfg = Debug|Any CPU
		{7853F80F-611B-4D34-8E22-2716C0593F1E}.Debug|Any CPU.Build.0 = Debug|Any CPU
		{7853F80F-611B-4D34-8E22-2716C0593F1E}.Release|Any CPU.ActiveCfg = Release|Any CPU
		{7853F80F-611B-4D34-8E22-2716C0593F1E}.Release|Any CPU.Build.0 = Release|Any CPU
		{CC276DCD-355A-4C01-8EE6-6DD4CE96CE2B}.Debug|Any CPU.ActiveCfg = Debug|Any CPU
		{CC276DCD-355A-4C01-8EE6-6DD4CE96CE2B}.Debug|Any CPU.Build.0 = Debug|Any CPU
		{CC276DCD-355A-4C01-8EE6-6DD4CE96CE2B}.Release|Any CPU.ActiveCfg = Release|Any CPU
		{CC276DCD-355A-4C01-8EE6-6DD4CE96CE2B}.Release|Any CPU.Build.0 = Release|Any CPU
		{060397B2-6D3B-4AEC-9EFD-BCB76AEF709C}.Debug|Any CPU.ActiveCfg = Debug|Any CPU
		{060397B2-6D3B-4AEC-9EFD-BCB76AEF709C}.Debug|Any CPU.Build.0 = Debug|Any CPU
		{060397B2-6D3B-4AEC-9EFD-BCB76AEF709C}.Release|Any CPU.ActiveCfg = Release|Any CPU
		{060397B2-6D3B-4AEC-9EFD-BCB76AEF709C}.Release|Any CPU.Build.0 = Release|Any CPU
		{A6F5D9E9-DFA9-44FE-A254-2A38399507DC}.Debug|Any CPU.ActiveCfg = Debug|Any CPU
		{A6F5D9E9-DFA9-44FE-A254-2A38399507DC}.Debug|Any CPU.Build.0 = Debug|Any CPU
		{A6F5D9E9-DFA9-44FE-A254-2A38399507DC}.Release|Any CPU.ActiveCfg = Release|Any CPU
		{A6F5D9E9-DFA9-44FE-A254-2A38399507DC}.Release|Any CPU.Build.0 = Release|Any CPU
		{D6DEE977-7A0F-45E6-9065-CC8D5F49669A}.Debug|Any CPU.ActiveCfg = Debug|Any CPU
		{D6DEE977-7A0F-45E6-9065-CC8D5F49669A}.Debug|Any CPU.Build.0 = Debug|Any CPU
		{D6DEE977-7A0F-45E6-9065-CC8D5F49669A}.Release|Any CPU.ActiveCfg = Release|Any CPU
		{D6DEE977-7A0F-45E6-9065-CC8D5F49669A}.Release|Any CPU.Build.0 = Release|Any CPU
		{AFF66821-2521-4DDC-88A1-F8961C9E405F}.Debug|Any CPU.ActiveCfg = Debug|Any CPU
		{AFF66821-2521-4DDC-88A1-F8961C9E405F}.Debug|Any CPU.Build.0 = Debug|Any CPU
		{AFF66821-2521-4DDC-88A1-F8961C9E405F}.Release|Any CPU.ActiveCfg = Release|Any CPU
		{AFF66821-2521-4DDC-88A1-F8961C9E405F}.Release|Any CPU.Build.0 = Release|Any CPU
		{AC3A51E9-56C5-4E16-BD18-C3370A9264C4}.Debug|Any CPU.ActiveCfg = Debug|Any CPU
		{AC3A51E9-56C5-4E16-BD18-C3370A9264C4}.Debug|Any CPU.Build.0 = Debug|Any CPU
		{AC3A51E9-56C5-4E16-BD18-C3370A9264C4}.Release|Any CPU.ActiveCfg = Release|Any CPU
		{AC3A51E9-56C5-4E16-BD18-C3370A9264C4}.Release|Any CPU.Build.0 = Release|Any CPU
		{8689E8B8-0224-42F8-B665-65AB56B159B8}.Debug|Any CPU.ActiveCfg = Debug|Any CPU
		{8689E8B8-0224-42F8-B665-65AB56B159B8}.Debug|Any CPU.Build.0 = Debug|Any CPU
		{8689E8B8-0224-42F8-B665-65AB56B159B8}.Release|Any CPU.ActiveCfg = Release|Any CPU
		{8689E8B8-0224-42F8-B665-65AB56B159B8}.Release|Any CPU.Build.0 = Release|Any CPU
		{6AED7AB5-5508-4CCF-B8B6-236E1F5FED23}.Debug|Any CPU.ActiveCfg = Debug|Any CPU
		{6AED7AB5-5508-4CCF-B8B6-236E1F5FED23}.Debug|Any CPU.Build.0 = Debug|Any CPU
		{6AED7AB5-5508-4CCF-B8B6-236E1F5FED23}.Release|Any CPU.ActiveCfg = Release|Any CPU
		{6AED7AB5-5508-4CCF-B8B6-236E1F5FED23}.Release|Any CPU.Build.0 = Release|Any CPU
		{3571B521-E74B-415C-AEC5-8F5A4AB29FD0}.Debug|Any CPU.ActiveCfg = Debug|Any CPU
		{3571B521-E74B-415C-AEC5-8F5A4AB29FD0}.Debug|Any CPU.Build.0 = Debug|Any CPU
		{3571B521-E74B-415C-AEC5-8F5A4AB29FD0}.Release|Any CPU.ActiveCfg = Release|Any CPU
		{3571B521-E74B-415C-AEC5-8F5A4AB29FD0}.Release|Any CPU.Build.0 = Release|Any CPU
		{7E365CF8-D0DE-433A-99BD-F294E73641DF}.Debug|Any CPU.ActiveCfg = Debug|Any CPU
		{7E365CF8-D0DE-433A-99BD-F294E73641DF}.Debug|Any CPU.Build.0 = Debug|Any CPU
		{7E365CF8-D0DE-433A-99BD-F294E73641DF}.Release|Any CPU.ActiveCfg = Release|Any CPU
		{7E365CF8-D0DE-433A-99BD-F294E73641DF}.Release|Any CPU.Build.0 = Release|Any CPU
		{01DF26A8-D9DB-4FDE-9121-AC2F30B36BBE}.Debug|Any CPU.ActiveCfg = Debug|Any CPU
		{01DF26A8-D9DB-4FDE-9121-AC2F30B36BBE}.Debug|Any CPU.Build.0 = Debug|Any CPU
		{01DF26A8-D9DB-4FDE-9121-AC2F30B36BBE}.Release|Any CPU.ActiveCfg = Release|Any CPU
		{01DF26A8-D9DB-4FDE-9121-AC2F30B36BBE}.Release|Any CPU.Build.0 = Release|Any CPU
		{F5487B10-6453-4926-B732-39BB0D045739}.Debug|Any CPU.ActiveCfg = Debug|Any CPU
		{F5487B10-6453-4926-B732-39BB0D045739}.Debug|Any CPU.Build.0 = Debug|Any CPU
		{F5487B10-6453-4926-B732-39BB0D045739}.Release|Any CPU.ActiveCfg = Release|Any CPU
		{F5487B10-6453-4926-B732-39BB0D045739}.Release|Any CPU.Build.0 = Release|Any CPU
		{7CC25694-C706-4197-9384-330B951310C2}.Debug|Any CPU.ActiveCfg = Debug|Any CPU
		{7CC25694-C706-4197-9384-330B951310C2}.Debug|Any CPU.Build.0 = Debug|Any CPU
		{7CC25694-C706-4197-9384-330B951310C2}.Release|Any CPU.ActiveCfg = Release|Any CPU
		{7CC25694-C706-4197-9384-330B951310C2}.Release|Any CPU.Build.0 = Release|Any CPU
		{8B2C3424-5EE8-4D45-93B1-6213CF8A93CC}.Debug|Any CPU.ActiveCfg = Debug|Any CPU
		{8B2C3424-5EE8-4D45-93B1-6213CF8A93CC}.Debug|Any CPU.Build.0 = Debug|Any CPU
		{8B2C3424-5EE8-4D45-93B1-6213CF8A93CC}.Release|Any CPU.ActiveCfg = Release|Any CPU
		{8B2C3424-5EE8-4D45-93B1-6213CF8A93CC}.Release|Any CPU.Build.0 = Release|Any CPU
		{3477ED46-B0C6-4D49-AD5B-17DFC012C267}.Debug|Any CPU.ActiveCfg = Debug|Any CPU
		{3477ED46-B0C6-4D49-AD5B-17DFC012C267}.Debug|Any CPU.Build.0 = Debug|Any CPU
		{3477ED46-B0C6-4D49-AD5B-17DFC012C267}.Release|Any CPU.ActiveCfg = Release|Any CPU
		{3477ED46-B0C6-4D49-AD5B-17DFC012C267}.Release|Any CPU.Build.0 = Release|Any CPU
		{3F12F9BB-7DBC-4160-8F74-C42565EE1E1B}.Debug|Any CPU.ActiveCfg = Debug|Any CPU
		{3F12F9BB-7DBC-4160-8F74-C42565EE1E1B}.Debug|Any CPU.Build.0 = Debug|Any CPU
		{3F12F9BB-7DBC-4160-8F74-C42565EE1E1B}.Release|Any CPU.ActiveCfg = Release|Any CPU
		{3F12F9BB-7DBC-4160-8F74-C42565EE1E1B}.Release|Any CPU.Build.0 = Release|Any CPU
		{E6108E73-046E-4D66-BECF-6DA0FCB43035}.Debug|Any CPU.ActiveCfg = Debug|Any CPU
		{E6108E73-046E-4D66-BECF-6DA0FCB43035}.Debug|Any CPU.Build.0 = Debug|Any CPU
		{E6108E73-046E-4D66-BECF-6DA0FCB43035}.Release|Any CPU.ActiveCfg = Release|Any CPU
		{E6108E73-046E-4D66-BECF-6DA0FCB43035}.Release|Any CPU.Build.0 = Release|Any CPU
		{2794EBB3-77CC-4F4F-A136-C2C579004B03}.Debug|Any CPU.ActiveCfg = Debug|Any CPU
		{2794EBB3-77CC-4F4F-A136-C2C579004B03}.Debug|Any CPU.Build.0 = Debug|Any CPU
		{2794EBB3-77CC-4F4F-A136-C2C579004B03}.Release|Any CPU.ActiveCfg = Release|Any CPU
		{2794EBB3-77CC-4F4F-A136-C2C579004B03}.Release|Any CPU.Build.0 = Release|Any CPU
		{DBB34241-EBD6-4DEB-B0E8-3F7EDAC849DB}.Debug|Any CPU.ActiveCfg = Debug|Any CPU
		{DBB34241-EBD6-4DEB-B0E8-3F7EDAC849DB}.Debug|Any CPU.Build.0 = Debug|Any CPU
		{DBB34241-EBD6-4DEB-B0E8-3F7EDAC849DB}.Release|Any CPU.ActiveCfg = Release|Any CPU
		{DBB34241-EBD6-4DEB-B0E8-3F7EDAC849DB}.Release|Any CPU.Build.0 = Release|Any CPU
		{C2AEA816-7116-4391-8132-E386143019EC}.Debug|Any CPU.ActiveCfg = Debug|Any CPU
		{C2AEA816-7116-4391-8132-E386143019EC}.Debug|Any CPU.Build.0 = Debug|Any CPU
		{C2AEA816-7116-4391-8132-E386143019EC}.Release|Any CPU.ActiveCfg = Release|Any CPU
		{C2AEA816-7116-4391-8132-E386143019EC}.Release|Any CPU.Build.0 = Release|Any CPU
		{9DDA5E1F-0BED-4E57-911B-8936D521B30E}.Debug|Any CPU.ActiveCfg = Debug|Any CPU
		{9DDA5E1F-0BED-4E57-911B-8936D521B30E}.Debug|Any CPU.Build.0 = Debug|Any CPU
		{9DDA5E1F-0BED-4E57-911B-8936D521B30E}.Release|Any CPU.ActiveCfg = Release|Any CPU
		{9DDA5E1F-0BED-4E57-911B-8936D521B30E}.Release|Any CPU.Build.0 = Release|Any CPU
		{74F62C20-3A29-4260-AED9-7941ADE67F0A}.Debug|Any CPU.ActiveCfg = Debug|Any CPU
		{74F62C20-3A29-4260-AED9-7941ADE67F0A}.Debug|Any CPU.Build.0 = Debug|Any CPU
		{74F62C20-3A29-4260-AED9-7941ADE67F0A}.Release|Any CPU.ActiveCfg = Release|Any CPU
		{74F62C20-3A29-4260-AED9-7941ADE67F0A}.Release|Any CPU.Build.0 = Release|Any CPU
		{AB86FB1C-8DF5-442C-BD02-842F09AE071E}.Debug|Any CPU.ActiveCfg = Debug|Any CPU
		{AB86FB1C-8DF5-442C-BD02-842F09AE071E}.Debug|Any CPU.Build.0 = Debug|Any CPU
		{AB86FB1C-8DF5-442C-BD02-842F09AE071E}.Release|Any CPU.ActiveCfg = Release|Any CPU
		{AB86FB1C-8DF5-442C-BD02-842F09AE071E}.Release|Any CPU.Build.0 = Release|Any CPU
		{FB292A64-7475-4BB8-8376-E88DBBBA1C4F}.Debug|Any CPU.ActiveCfg = Debug|Any CPU
		{FB292A64-7475-4BB8-8376-E88DBBBA1C4F}.Debug|Any CPU.Build.0 = Debug|Any CPU
		{FB292A64-7475-4BB8-8376-E88DBBBA1C4F}.Release|Any CPU.ActiveCfg = Release|Any CPU
		{FB292A64-7475-4BB8-8376-E88DBBBA1C4F}.Release|Any CPU.Build.0 = Release|Any CPU
		{CEE05238-0E81-42D6-88C9-4B015DC92A2B}.Debug|Any CPU.ActiveCfg = Debug|Any CPU
		{CEE05238-0E81-42D6-88C9-4B015DC92A2B}.Debug|Any CPU.Build.0 = Debug|Any CPU
		{CEE05238-0E81-42D6-88C9-4B015DC92A2B}.Release|Any CPU.ActiveCfg = Release|Any CPU
		{CEE05238-0E81-42D6-88C9-4B015DC92A2B}.Release|Any CPU.Build.0 = Release|Any CPU
		{F055DAF6-0078-427B-BD33-35352C147DC9}.Debug|Any CPU.ActiveCfg = Debug|Any CPU
		{F055DAF6-0078-427B-BD33-35352C147DC9}.Debug|Any CPU.Build.0 = Debug|Any CPU
		{F055DAF6-0078-427B-BD33-35352C147DC9}.Release|Any CPU.ActiveCfg = Release|Any CPU
		{F055DAF6-0078-427B-BD33-35352C147DC9}.Release|Any CPU.Build.0 = Release|Any CPU
		{95F58D86-A71D-414D-B10F-875B9A5AF472}.Debug|Any CPU.ActiveCfg = Debug|Any CPU
		{95F58D86-A71D-414D-B10F-875B9A5AF472}.Debug|Any CPU.Build.0 = Debug|Any CPU
		{95F58D86-A71D-414D-B10F-875B9A5AF472}.Release|Any CPU.ActiveCfg = Release|Any CPU
		{95F58D86-A71D-414D-B10F-875B9A5AF472}.Release|Any CPU.Build.0 = Release|Any CPU
		{19EE2AF8-652C-46B2-8722-1772F21AE3DF}.Debug|Any CPU.ActiveCfg = Debug|Any CPU
		{19EE2AF8-652C-46B2-8722-1772F21AE3DF}.Debug|Any CPU.Build.0 = Debug|Any CPU
		{19EE2AF8-652C-46B2-8722-1772F21AE3DF}.Release|Any CPU.ActiveCfg = Release|Any CPU
		{19EE2AF8-652C-46B2-8722-1772F21AE3DF}.Release|Any CPU.Build.0 = Release|Any CPU
	EndGlobalSection
	GlobalSection(SolutionProperties) = preSolution
		HideSolutionNode = FALSE
	EndGlobalSection
	GlobalSection(NestedProjects) = preSolution
		{5E88CFEE-63B2-491A-91F7-88ED10FB9B5E} = {E1B40930-3EE0-4F0B-9CD2-2A21CF071EED}
		{1AC11542-F255-441F-A94E-BA0842830DBB} = {E1B40930-3EE0-4F0B-9CD2-2A21CF071EED}
		{ECECD3B5-2BFF-4686-BCE9-76D8BA56F664} = {E1B40930-3EE0-4F0B-9CD2-2A21CF071EED}
		{1F195A53-A54E-498E-B08E-7F3C789E57BC} = {E1B40930-3EE0-4F0B-9CD2-2A21CF071EED}
		{D7B124BE-16E0-49C4-B396-1C6491603195} = {E1B40930-3EE0-4F0B-9CD2-2A21CF071EED}
		{73241A7D-AB27-48DF-B0C6-CC4B09BB553F} = {E1B40930-3EE0-4F0B-9CD2-2A21CF071EED}
		{392A63B4-6E6F-41F8-BD17-5B4652510911} = {E1B40930-3EE0-4F0B-9CD2-2A21CF071EED}
		{488DBDEB-E1DB-4F17-A7F2-3D9F78D2F8AE} = {E1B40930-3EE0-4F0B-9CD2-2A21CF071EED}
		{12090345-9AAC-4B9A-9C3D-3AFEE0274536} = {E1B40930-3EE0-4F0B-9CD2-2A21CF071EED}
		{C567C740-8B96-4739-BE57-1454B96BBC68} = {E1B40930-3EE0-4F0B-9CD2-2A21CF071EED}
		{14797248-4A2B-41DF-9294-1697F6DFC42B} = {E1B40930-3EE0-4F0B-9CD2-2A21CF071EED}
		{9175C0A0-6086-4615-8208-5F50B7986624} = {E1B40930-3EE0-4F0B-9CD2-2A21CF071EED}
		{56AA5E17-BE3A-4D08-9F30-BCDC04398F09} = {E1B40930-3EE0-4F0B-9CD2-2A21CF071EED}
		{1AC39652-9458-4FBC-B1DB-5FBB410B2703} = {E1B40930-3EE0-4F0B-9CD2-2A21CF071EED}
		{1991BBB4-299E-4D51-86C1-8F1D5C9ABADB} = {E1B40930-3EE0-4F0B-9CD2-2A21CF071EED}
		{3A985940-C411-4E10-BB70-804CCEE6E60B} = {E1B40930-3EE0-4F0B-9CD2-2A21CF071EED}
		{94E262CD-9367-4222-8470-DADC5A5A37A3} = {E1B40930-3EE0-4F0B-9CD2-2A21CF071EED}
		{7853F80F-611B-4D34-8E22-2716C0593F1E} = {E1B40930-3EE0-4F0B-9CD2-2A21CF071EED}
		{CC276DCD-355A-4C01-8EE6-6DD4CE96CE2B} = {E1B40930-3EE0-4F0B-9CD2-2A21CF071EED}
		{060397B2-6D3B-4AEC-9EFD-BCB76AEF709C} = {E1B40930-3EE0-4F0B-9CD2-2A21CF071EED}
		{A6F5D9E9-DFA9-44FE-A254-2A38399507DC} = {E1B40930-3EE0-4F0B-9CD2-2A21CF071EED}
		{D6DEE977-7A0F-45E6-9065-CC8D5F49669A} = {E1B40930-3EE0-4F0B-9CD2-2A21CF071EED}
		{AFF66821-2521-4DDC-88A1-F8961C9E405F} = {E1B40930-3EE0-4F0B-9CD2-2A21CF071EED}
		{AC3A51E9-56C5-4E16-BD18-C3370A9264C4} = {FE19BA04-3E05-402A-8DE5-8D9481F20045}
		{8689E8B8-0224-42F8-B665-65AB56B159B8} = {FE19BA04-3E05-402A-8DE5-8D9481F20045}
		{6AED7AB5-5508-4CCF-B8B6-236E1F5FED23} = {FE19BA04-3E05-402A-8DE5-8D9481F20045}
		{3571B521-E74B-415C-AEC5-8F5A4AB29FD0} = {FE19BA04-3E05-402A-8DE5-8D9481F20045}
		{7E365CF8-D0DE-433A-99BD-F294E73641DF} = {FE19BA04-3E05-402A-8DE5-8D9481F20045}
		{01DF26A8-D9DB-4FDE-9121-AC2F30B36BBE} = {FE19BA04-3E05-402A-8DE5-8D9481F20045}
		{F5487B10-6453-4926-B732-39BB0D045739} = {FE19BA04-3E05-402A-8DE5-8D9481F20045}
		{7CC25694-C706-4197-9384-330B951310C2} = {FE19BA04-3E05-402A-8DE5-8D9481F20045}
		{8B2C3424-5EE8-4D45-93B1-6213CF8A93CC} = {FE19BA04-3E05-402A-8DE5-8D9481F20045}
		{3477ED46-B0C6-4D49-AD5B-17DFC012C267} = {FE19BA04-3E05-402A-8DE5-8D9481F20045}
		{3F12F9BB-7DBC-4160-8F74-C42565EE1E1B} = {FE19BA04-3E05-402A-8DE5-8D9481F20045}
		{E6108E73-046E-4D66-BECF-6DA0FCB43035} = {FE19BA04-3E05-402A-8DE5-8D9481F20045}
		{2794EBB3-77CC-4F4F-A136-C2C579004B03} = {FE19BA04-3E05-402A-8DE5-8D9481F20045}
		{DBB34241-EBD6-4DEB-B0E8-3F7EDAC849DB} = {FE19BA04-3E05-402A-8DE5-8D9481F20045}
		{C2AEA816-7116-4391-8132-E386143019EC} = {FE19BA04-3E05-402A-8DE5-8D9481F20045}
		{9DDA5E1F-0BED-4E57-911B-8936D521B30E} = {FE19BA04-3E05-402A-8DE5-8D9481F20045}
		{74F62C20-3A29-4260-AED9-7941ADE67F0A} = {FE19BA04-3E05-402A-8DE5-8D9481F20045}
		{AB86FB1C-8DF5-442C-BD02-842F09AE071E} = {FE19BA04-3E05-402A-8DE5-8D9481F20045}
		{F055DAF6-0078-427B-BD33-35352C147DC9} = {FE19BA04-3E05-402A-8DE5-8D9481F20045}
	EndGlobalSection
	GlobalSection(ExtensibilityGlobals) = postSolution
		SolutionGuid = {0AFA6672-B314-4C3C-9F86-368B874ED386}
	EndGlobalSection
EndGlobal
